<?xml version="1.0" encoding="utf-8"?>
<Project ToolsVersion="4.0" xmlns="http://schemas.microsoft.com/developer/msbuild/2003">
  <ItemGroup>
    <ClCompile Include="src\Entity.cpp" />
    <ClCompile Include="src\EntityManager.cpp" />
    <ClCompile Include="src\main.cpp" />
    <ClCompile Include="src\objects\Player.cpp" />
    <ClCompile Include="src\Vector2.cpp" />
    <ClCompile Include="src\objects\TileMap.cpp" />
    <ClCompile Include="src\GameEngine.cpp" />
  </ItemGroup>
  <ItemGroup>
    <ClInclude Include="resource.h" />
    <ClInclude Include="src\Entity.h" />
    <ClInclude Include="src\EntityManager.h" />
    <ClInclude Include="src\objects\Player.h" />
    <ClInclude Include="src\Vector2.h" />
    <ClInclude Include="src\objects\TileMap.h" />
    <ClInclude Include="src\GameEngine.h" />
  </ItemGroup>
  <ItemGroup>
    <ResourceCompile Include="SuperNova.rc" />
  </ItemGroup>
  <ItemGroup>
    <Image Include="src\resources\astronaut.png" />
    <Image Include="src\resources\astronaut_walk.png" />
    <Image Include="src\resources\testTileSet.png" />
  </ItemGroup>
  <ItemGroup>
    <Media Include="src\resources\background_music.wav" />
  </ItemGroup>
</Project>